// !$*UTF8*$!
{
	archiveVersion = 1;
	classes = {
	};
	objectVersion = 46;
	objects = {

/* Begin PBXBuildFile section */
		B615D9E725766B6C00A5DAE2 /* MyApplication.m in Sources */ = {isa = PBXBuildFile; fileRef = B615D9E625766B6C00A5DAE2 /* MyApplication.m */; };
		B6C449B42575DABD004047E6 /* AppDelegate.m in Sources */ = {isa = PBXBuildFile; fileRef = B6C449B32575DABD004047E6 /* AppDelegate.m */; };
		B6C449B62575DAC0004047E6 /* Assets.xcassets in Resources */ = {isa = PBXBuildFile; fileRef = B6C449B52575DAC0004047E6 /* Assets.xcassets */; };
		B6C449B92575DAC0004047E6 /* MainMenu.xib in Resources */ = {isa = PBXBuildFile; fileRef = B6C449B72575DAC0004047E6 /* MainMenu.xib */; };
		B6C449BC2575DAC0004047E6 /* main.m in Sources */ = {isa = PBXBuildFile; fileRef = B6C449BB2575DAC0004047E6 /* main.m */; };
		B6C449C425764011004047E6 /* AppToFront.sdef in Resources */ = {isa = PBXBuildFile; fileRef = B6C449C325764011004047E6 /* AppToFront.sdef */; };
/* End PBXBuildFile section */

/* Begin PBXFileReference section */
		B615D9E525766B6C00A5DAE2 /* MyApplication.h */ = {isa = PBXFileReference; fileEncoding = 4; lastKnownFileType = sourcecode.c.h; path = MyApplication.h; sourceTree = "<group>"; };
		B615D9E625766B6C00A5DAE2 /* MyApplication.m */ = {isa = PBXFileReference; fileEncoding = 4; lastKnownFileType = sourcecode.c.objc; path = MyApplication.m; sourceTree = "<group>"; };
		B6C449AF2575DABD004047E6 /* AppToFront.app */ = {isa = PBXFileReference; explicitFileType = wrapper.application; includeInIndex = 0; path = AppToFront.app; sourceTree = BUILT_PRODUCTS_DIR; };
		B6C449B22575DABD004047E6 /* AppDelegate.h */ = {isa = PBXFileReference; lastKnownFileType = sourcecode.c.h; path = AppDelegate.h; sourceTree = "<group>"; };
		B6C449B32575DABD004047E6 /* AppDelegate.m */ = {isa = PBXFileReference; lastKnownFileType = sourcecode.c.objc; path = AppDelegate.m; sourceTree = "<group>"; };
		B6C449B52575DAC0004047E6 /* Assets.xcassets */ = {isa = PBXFileReference; lastKnownFileType = folder.assetcatalog; path = Assets.xcassets; sourceTree = "<group>"; };
		B6C449B82575DAC0004047E6 /* Base */ = {isa = PBXFileReference; lastKnownFileType = file.xib; name = Base; path = Base.lproj/MainMenu.xib; sourceTree = "<group>"; };
		B6C449BA2575DAC0004047E6 /* Info.plist */ = {isa = PBXFileReference; lastKnownFileType = text.plist.xml; path = Info.plist; sourceTree = "<group>"; };
		B6C449BB2575DAC0004047E6 /* main.m */ = {isa = PBXFileReference; lastKnownFileType = sourcecode.c.objc; path = main.m; sourceTree = "<group>"; };
		B6C449BD2575DAC0004047E6 /* AppToFront.entitlements */ = {isa = PBXFileReference; lastKnownFileType = text.plist.entitlements; path = AppToFront.entitlements; sourceTree = "<group>"; };
		B6C449C325764011004047E6 /* AppToFront.sdef */ = {isa = PBXFileReference; lastKnownFileType = text; path = AppToFront.sdef; sourceTree = "<group>"; };
/* End PBXFileReference section */

/* Begin PBXFrameworksBuildPhase section */
		B6C449AC2575DABD004047E6 /* Frameworks */ = {
			isa = PBXFrameworksBuildPhase;
			buildActionMask = 2147483647;
			files = (
			);
			runOnlyForDeploymentPostprocessing = 0;
		};
/* End PBXFrameworksBuildPhase section */

/* Begin PBXGroup section */
		B6C449A62575DABD004047E6 = {
			isa = PBXGroup;
			children = (
				B6C449B12575DABD004047E6 /* AppToFront */,
				B6C449B02575DABD004047E6 /* Products */,
			);
			sourceTree = "<group>";
		};
		B6C449B02575DABD004047E6 /* Products */ = {
			isa = PBXGroup;
			children = (
				B6C449AF2575DABD004047E6 /* AppToFront.app */,
			);
			name = Products;
			sourceTree = "<group>";
		};
		B6C449B12575DABD004047E6 /* AppToFront */ = {
			isa = PBXGroup;
			children = (
				B6C449B22575DABD004047E6 /* AppDelegate.h */,
				B6C449B32575DABD004047E6 /* AppDelegate.m */,
				B615D9E525766B6C00A5DAE2 /* MyApplication.h */,
				B615D9E625766B6C00A5DAE2 /* MyApplication.m */,
				B6C449B52575DAC0004047E6 /* Assets.xcassets */,
				B6C449B72575DAC0004047E6 /* MainMenu.xib */,
				B6C449BA2575DAC0004047E6 /* Info.plist */,
				B6C449C325764011004047E6 /* AppToFront.sdef */,
				B6C449BB2575DAC0004047E6 /* main.m */,
				B6C449BD2575DAC0004047E6 /* AppToFront.entitlements */,
			);
			path = AppToFront;
			sourceTree = "<group>";
		};
/* End PBXGroup section */

/* Begin PBXNativeTarget section */
		B6C449AE2575DABD004047E6 /* AppToFront */ = {
			isa = PBXNativeTarget;
			buildConfigurationList = B6C449C02575DAC0004047E6 /* Build configuration list for PBXNativeTarget "AppToFront" */;
			buildPhases = (
				B6C449AB2575DABD004047E6 /* Sources */,
				B6C449AC2575DABD004047E6 /* Frameworks */,
				B6C449AD2575DABD004047E6 /* Resources */,
			);
			buildRules = (
			);
			dependencies = (
			);
			name = AppToFront;
			productName = AppToFront;
			productReference = B6C449AF2575DABD004047E6 /* AppToFront.app */;
			productType = "com.apple.product-type.application";
		};
/* End PBXNativeTarget section */

/* Begin PBXProject section */
		B6C449A72575DABD004047E6 /* Project object */ = {
			isa = PBXProject;
			attributes = {
				LastUpgradeCheck = 1130;
				TargetAttributes = {
					B6C449AE2575DABD004047E6 = {
						CreatedOnToolsVersion = 11.3.1;
					};
				};
			};
			buildConfigurationList = B6C449AA2575DABD004047E6 /* Build configuration list for PBXProject "AppToFront" */;
			compatibilityVersion = "Xcode 3.2";
			developmentRegion = en;
			hasScannedForEncodings = 0;
			knownRegions = (
				en,
				Base,
			);
			mainGroup = B6C449A62575DABD004047E6;
			productRefGroup = B6C449B02575DABD004047E6 /* Products */;
			projectDirPath = "";
			projectRoot = "";
			targets = (
				B6C449AE2575DABD004047E6 /* AppToFront */,
			);
		};
/* End PBXProject section */

/* Begin PBXResourcesBuildPhase section */
		B6C449AD2575DABD004047E6 /* Resources */ = {
			isa = PBXResourcesBuildPhase;
			buildActionMask = 2147483647;
			files = (
				B6C449C425764011004047E6 /* AppToFront.sdef in Resources */,
				B6C449B62575DAC0004047E6 /* Assets.xcassets in Resources */,
				B6C449B92575DAC0004047E6 /* MainMenu.xib in Resources */,
			);
			runOnlyForDeploymentPostprocessing = 0;
		};
/* End PBXResourcesBuildPhase section */

/* Begin PBXSourcesBuildPhase section */
		B6C449AB2575DABD004047E6 /* Sources */ = {
			isa = PBXSourcesBuildPhase;
			buildActionMask = 2147483647;
			files = (
				B615D9E725766B6C00A5DAE2 /* MyApplication.m in Sources */,
				B6C449BC2575DAC0004047E6 /* main.m in Sources */,
				B6C449B42575DABD004047E6 /* AppDelegate.m in Sources */,
			);
			runOnlyForDeploymentPostprocessing = 0;
		};
/* End PBXSourcesBuildPhase section */

/* Begin PBXVariantGroup section */
		B6C449B72575DAC0004047E6 /* MainMenu.xib */ = {
			isa = PBXVariantGroup;
			children = (
				B6C449B82575DAC0004047E6 /* Base */,
			);
			name = MainMenu.xib;
			sourceTree = "<group>";
		};
/* End PBXVariantGroup section */

/* Begin XCBuildConfiguration section */
		B6C449BE2575DAC0004047E6 /* Debug */ = {
			isa = XCBuildConfiguration;
			buildSettings = {
				ALWAYS_SEARCH_USER_PATHS = NO;
				CLANG_ANALYZER_NONNULL = YES;
				CLANG_ANALYZER_NUMBER_OBJECT_CONVERSION = YES_AGGRESSIVE;
				CLANG_CXX_LANGUAGE_STANDARD = "gnu++14";
				CLANG_CXX_LIBRARY = "libc++";
				CLANG_ENABLE_MODULES = YES;
				CLANG_ENABLE_OBJC_ARC = NO;
				CLANG_ENABLE_OBJC_WEAK = NO;
				CLANG_WARN_BLOCK_CAPTURE_AUTORELEASING = YES;
				CLANG_WARN_BOOL_CONVERSION = YES;
				CLANG_WARN_COMMA = YES;
				CLANG_WARN_CONSTANT_CONVERSION = YES;
				CLANG_WARN_DEPRECATED_OBJC_IMPLEMENTATIONS = YES;
				CLANG_WARN_DIRECT_OBJC_ISA_USAGE = YES_ERROR;
				CLANG_WARN_DOCUMENTATION_COMMENTS = YES;
				CLANG_WARN_EMPTY_BODY = YES;
				CLANG_WARN_ENUM_CONVERSION = YES;
				CLANG_WARN_INFINITE_RECURSION = YES;
				CLANG_WARN_INT_CONVERSION = YES;
				CLANG_WARN_NON_LITERAL_NULL_CONVERSION = YES;
				CLANG_WARN_OBJC_IMPLICIT_RETAIN_SELF = YES;
				CLANG_WARN_OBJC_LITERAL_CONVERSION = YES;
				CLANG_WARN_OBJC_ROOT_CLASS = YES_ERROR;
				CLANG_WARN_RANGE_LOOP_ANALYSIS = YES;
				CLANG_WARN_STRICT_PROTOTYPES = YES;
				CLANG_WARN_SUSPICIOUS_MOVE = YES;
				CLANG_WARN_UNGUARDED_AVAILABILITY = YES_AGGRESSIVE;
				CLANG_WARN_UNREACHABLE_CODE = YES;
				CLANG_WARN__DUPLICATE_METHOD_MATCH = YES;
				COPY_PHASE_STRIP = NO;
				DEBUG_INFORMATION_FORMAT = dwarf;
				ENABLE_STRICT_OBJC_MSGSEND = YES;
				ENABLE_TESTABILITY = YES;
				GCC_C_LANGUAGE_STANDARD = gnu11;
				GCC_DYNAMIC_NO_PIC = NO;
				GCC_NO_COMMON_BLOCKS = YES;
				GCC_OPTIMIZATION_LEVEL = 0;
				GCC_PREPROCESSOR_DEFINITIONS = (
					"DEBUG=1",
					"$(inherited)",
				);
				GCC_WARN_64_TO_32_BIT_CONVERSION = YES;
				GCC_WARN_ABOUT_RETURN_TYPE = YES_ERROR;
				GCC_WARN_UNDECLARED_SELECTOR = YES;
				GCC_WARN_UNINITIALIZED_AUTOS = YES_AGGRESSIVE;
				GCC_WARN_UNUSED_FUNCTION = NO;
				GCC_WARN_UNUSED_VARIABLE = YES;
				MACOSX_DEPLOYMENT_TARGET = 10.4;
				MTL_ENABLE_DEBUG_INFO = INCLUDE_SOURCE;
				MTL_FAST_MATH = YES;
				ONLY_ACTIVE_ARCH = YES;
				SDKROOT = macosx;
			};
			name = Debug;
		};
		B6C449BF2575DAC0004047E6 /* Release */ = {
			isa = XCBuildConfiguration;
			buildSettings = {
				ALWAYS_SEARCH_USER_PATHS = NO;
				CLANG_ANALYZER_NONNULL = YES;
				CLANG_ANALYZER_NUMBER_OBJECT_CONVERSION = YES_AGGRESSIVE;
				CLANG_CXX_LANGUAGE_STANDARD = "gnu++14";
				CLANG_CXX_LIBRARY = "libc++";
				CLANG_ENABLE_MODULES = YES;
				CLANG_ENABLE_OBJC_ARC = NO;
				CLANG_ENABLE_OBJC_WEAK = NO;
				CLANG_WARN_BLOCK_CAPTURE_AUTORELEASING = YES;
				CLANG_WARN_BOOL_CONVERSION = YES;
				CLANG_WARN_COMMA = YES;
				CLANG_WARN_CONSTANT_CONVERSION = YES;
				CLANG_WARN_DEPRECATED_OBJC_IMPLEMENTATIONS = YES;
				CLANG_WARN_DIRECT_OBJC_ISA_USAGE = YES_ERROR;
				CLANG_WARN_DOCUMENTATION_COMMENTS = YES;
				CLANG_WARN_EMPTY_BODY = YES;
				CLANG_WARN_ENUM_CONVERSION = YES;
				CLANG_WARN_INFINITE_RECURSION = YES;
				CLANG_WARN_INT_CONVERSION = YES;
				CLANG_WARN_NON_LITERAL_NULL_CONVERSION = YES;
				CLANG_WARN_OBJC_IMPLICIT_RETAIN_SELF = YES;
				CLANG_WARN_OBJC_LITERAL_CONVERSION = YES;
				CLANG_WARN_OBJC_ROOT_CLASS = YES_ERROR;
				CLANG_WARN_RANGE_LOOP_ANALYSIS = YES;
				CLANG_WARN_STRICT_PROTOTYPES = YES;
				CLANG_WARN_SUSPICIOUS_MOVE = YES;
				CLANG_WARN_UNGUARDED_AVAILABILITY = YES_AGGRESSIVE;
				CLANG_WARN_UNREACHABLE_CODE = YES;
				CLANG_WARN__DUPLICATE_METHOD_MATCH = YES;
				COPY_PHASE_STRIP = NO;
				DEBUG_INFORMATION_FORMAT = "dwarf-with-dsym";
				ENABLE_NS_ASSERTIONS = NO;
				ENABLE_STRICT_OBJC_MSGSEND = YES;
				GCC_C_LANGUAGE_STANDARD = gnu11;
				GCC_NO_COMMON_BLOCKS = YES;
				GCC_WARN_64_TO_32_BIT_CONVERSION = YES;
				GCC_WARN_ABOUT_RETURN_TYPE = YES_ERROR;
				GCC_WARN_UNDECLARED_SELECTOR = YES;
				GCC_WARN_UNINITIALIZED_AUTOS = YES_AGGRESSIVE;
				GCC_WARN_UNUSED_FUNCTION = NO;
				GCC_WARN_UNUSED_VARIABLE = YES;
				MACOSX_DEPLOYMENT_TARGET = 10.4;
				MTL_ENABLE_DEBUG_INFO = NO;
				MTL_FAST_MATH = YES;
				SDKROOT = macosx;
			};
			name = Release;
		};
		B6C449C12575DAC0004047E6 /* Debug */ = {
			isa = XCBuildConfiguration;
			buildSettings = {
				ARCHS = "$(ARCHS_STANDARD)";
				ASSETCATALOG_COMPILER_APPICON_NAME = AppIcon;
				CODE_SIGN_ENTITLEMENTS = AppToFront/AppToFront.entitlements;
				CODE_SIGN_STYLE = Manual;
				COMBINE_HIDPI_IMAGES = YES;
				DEVELOPMENT_TEAM = "";
				INFOPLIST_FILE = AppToFront/Info.plist;
				LD_RUNPATH_SEARCH_PATHS = "$(inherited)";
				PRODUCT_BUNDLE_IDENTIFIER = "net.yu-set.AppToFront";
				PRODUCT_NAME = "$(TARGET_NAME)";
				PROVISIONING_PROFILE_SPECIFIER = "";
			};
			name = Debug;
		};
		B6C449C22575DAC0004047E6 /* Release */ = {
			isa = XCBuildConfiguration;
			buildSettings = {
				ARCHS = "$(ARCHS_STANDARD)";
				ASSETCATALOG_COMPILER_APPICON_NAME = AppIcon;
				CODE_SIGN_ENTITLEMENTS = AppToFront/AppToFront.entitlements;
				CODE_SIGN_STYLE = Manual;
				COMBINE_HIDPI_IMAGES = YES;
				DEVELOPMENT_TEAM = "";
				INFOPLIST_FILE = AppToFront/Info.plist;
				LD_RUNPATH_SEARCH_PATHS = "$(inherited)";
				PRODUCT_BUNDLE_IDENTIFIER = "net.yu-set.AppToFront";
				PRODUCT_NAME = "$(TARGET_NAME)";
				PROVISIONING_PROFILE_SPECIFIER = "";
			};
			name = Release;
		};
/* End XCBuildConfiguration section */

/* Begin XCConfigurationList section */
		B6C449AA2575DABD004047E6 /* Build configuration list for PBXProject "AppToFront" */ = {
			isa = XCConfigurationList;
			buildConfigurations = (
				B6C449BE2575DAC0004047E6 /* Debug */,
				B6C449BF2575DAC0004047E6 /* Release */,
			);
			defaultConfigurationIsVisible = 0;
			defaultConfigurationName = Release;
		};
		B6C449C02575DAC0004047E6 /* Build configuration list for PBXNativeTarget "AppToFront" */ = {
			isa = XCConfigurationList;
			buildConfigurations = (
				B6C449C12575DAC0004047E6 /* Debug */,
				B6C449C22575DAC0004047E6 /* Release */,
			);
			defaultConfigurationIsVisible = 0;
			defaultConfigurationName = Release;
		};
/* End XCConfigurationList section */
	};
	rootObject = B6C449A72575DABD004047E6 /* Project object */;
}
